<?xml version="1.0" encoding="utf-8"?>
<Project ToolsVersion="4.0" xmlns="http://schemas.microsoft.com/developer/msbuild/2003">
  <ItemGroup>
    <Filter Include="Resource Files">
      <UniqueIdentifier>{67DA6AB6-F800-4c08-8B7A-83BB121AAD01}</UniqueIdentifier>
      <Extensions>rc;ico;cur;bmp;dlg;rc2;rct;bin;rgs;gif;jpg;jpeg;jpe;resx;tiff;tif;png;wav;mfcribbon-ms</Extensions>
    </Filter>
    <Filter Include="Main">
      <UniqueIdentifier>{4FC737F1-C7A5-4376-A066-2A32D752A2FF}</UniqueIdentifier>
      <Extensions>cpp;c;cc;cxx;def;odl;idl;hpj;bat;asm;asmx</Extensions>
    </Filter>
    <Filter Include="Scenes">
      <UniqueIdentifier>{cfb485ad-2ff5-440a-a20a-b7ecef0f8508}</UniqueIdentifier>
    </Filter>
    <Filter Include="PCH">
      <UniqueIdentifier>{1811805c-886c-49a9-a5d2-92db66d35939}</UniqueIdentifier>
    </Filter>
    <Filter Include="Scenes\GameScenes">
      <UniqueIdentifier>{d89b5e60-46fd-4867-a604-24a7904e567c}</UniqueIdentifier>
    </Filter>
    <Filter Include="Scenes\Other">
      <UniqueIdentifier>{57d3a038-2c8d-4961-9815-af0195ce4155}</UniqueIdentifier>
    </Filter>
    <Filter Include="GameComponents">
      <UniqueIdentifier>{abbaeb39-110c-4578-83d5-06b5d80d4161}</UniqueIdentifier>
    </Filter>
    <Filter Include="Patterns">
      <UniqueIdentifier>{6fe2efa2-32c0-4348-bed3-55280014d29f}</UniqueIdentifier>
    </Filter>
    <Filter Include="Patterns\Observer">
      <UniqueIdentifier>{97d61485-608e-4153-9854-b7e09c9915ff}</UniqueIdentifier>
    </Filter>
  </ItemGroup>
  <ItemGroup>
    <ClCompile Include="Main.cpp">
      <Filter>Main</Filter>
    </ClCompile>
    <ClCompile Include="BubbleBobbleGame.cpp">
      <Filter>Main</Filter>
    </ClCompile>
    <ClCompile Include="pch.cpp">
      <Filter>PCH</Filter>
    </ClCompile>
    <ClCompile Include="BaseGameScene.cpp">
      <Filter>Scenes\GameScenes</Filter>
    </ClCompile>
    <ClCompile Include="IntroScene.cpp">
      <Filter>Scenes\GameScenes</Filter>
    </ClCompile>
    <ClCompile Include="HUDComponent.cpp">
      <Filter>GameComponents</Filter>
    </ClCompile>
    <ClCompile Include="FrameCounterScene.cpp">
      <Filter>Scenes\Other</Filter>
    </ClCompile>
    <ClCompile Include="PlayerBehaviour.cpp">
      <Filter>GameComponents</Filter>
    </ClCompile>
    <ClCompile Include="PlayerObserver.cpp">
      <Filter>Patterns\Observer</Filter>
    </ClCompile>
    <ClCompile Include="ZenBehaviour.cpp">
      <Filter>GameComponents</Filter>
    </ClCompile>
    <ClCompile Include="BubbleBehaviour.cpp">
      <Filter>GameComponents</Filter>
    </ClCompile>
    <ClCompile Include="ItemBehaviour.cpp">
      <Filter>GameComponents</Filter>
    </ClCompile>
    <ClCompile Include="MaitaBehaviour.cpp">
      <Filter>GameComponents</Filter>
    </ClCompile>
    <ClCompile Include="BoulderBehaviour.cpp">
      <Filter>GameComponents</Filter>
    </ClCompile>
    <ClCompile Include="StartScene.cpp">
      <Filter>Scenes\GameScenes</Filter>
    </ClCompile>
    <ClCompile Include="EndScene.cpp">
      <Filter>Scenes\GameScenes</Filter>
    </ClCompile>
    <ClCompile Include="ZenObserver.cpp">
      <Filter>Patterns\Observer</Filter>
    </ClCompile>
  </ItemGroup>
  <ItemGroup>
    <ClInclude Include="BubbleBobbleGame.h">
      <Filter>Main</Filter>
    </ClInclude>
    <ClInclude Include="pch.h">
      <Filter>PCH</Filter>
    </ClInclude>
    <ClInclude Include="BaseGameScene.h">
      <Filter>Scenes\GameScenes</Filter>
    </ClInclude>
    <ClInclude Include="IntroScene.h">
      <Filter>Scenes\GameScenes</Filter>
    </ClInclude>
    <ClInclude Include="HUDComponent.h">
      <Filter>GameComponents</Filter>
    </ClInclude>
    <ClInclude Include="FrameCounterScene.h">
      <Filter>Scenes\Other</Filter>
    </ClInclude>
    <ClInclude Include="PlayerBehaviour.h">
      <Filter>GameComponents</Filter>
    </ClInclude>
    <ClInclude Include="PlayerObserver.h">
      <Filter>Patterns\Observer</Filter>
    </ClInclude>
    <ClInclude Include="ZenBehaviour.h">
      <Filter>GameComponents</Filter>
    </ClInclude>
    <ClInclude Include="BubbleBehaviour.h">
      <Filter>GameComponents</Filter>
    </ClInclude>
    <ClInclude Include="ItemBehaviour.h">
      <Filter>GameComponents</Filter>
    </ClInclude>
    <ClInclude Include="MaitaBehaviour.h">
      <Filter>GameComponents</Filter>
    </ClInclude>
    <ClInclude Include="BoulderBehaviour.h">
      <Filter>GameComponents</Filter>
    </ClInclude>
    <ClInclude Include="StartScene.h">
      <Filter>Scenes\GameScenes</Filter>
    </ClInclude>
    <ClInclude Include="EndScene.h">
      <Filter>Scenes\GameScenes</Filter>
    </ClInclude>
    <ClInclude Include="ZenObserver.h">
      <Filter>Patterns\Observer</Filter>
    </ClInclude>
  </ItemGroup>
</Project>