<?xml version="1.0" encoding="utf-8"?>
<Project ToolsVersion="4.0" xmlns="http://schemas.microsoft.com/developer/msbuild/2003">
  <ItemGroup>
    <Filter Include="Resource Files">
      <UniqueIdentifier>{67DA6AB6-F800-4c08-8B7A-83BB121AAD01}</UniqueIdentifier>
      <Extensions>rc;ico;cur;bmp;dlg;rc2;rct;bin;rgs;gif;jpg;jpeg;jpe;resx;tiff;tif;png;wav;mfcribbon-ms</Extensions>
    </Filter>
    <Filter Include="Main">
      <UniqueIdentifier>{acaf754c-cc8a-4a7f-8a79-a5bd6cd35cf8}</UniqueIdentifier>
    </Filter>
    <Filter Include="Components">
      <UniqueIdentifier>{f92464e5-db21-46fa-b5f7-0b0c4e899e33}</UniqueIdentifier>
    </Filter>
    <Filter Include="Patterns">
      <UniqueIdentifier>{be797ab4-b1a3-4d96-aa57-bda33721b35a}</UniqueIdentifier>
    </Filter>
    <Filter Include="Managers">
      <UniqueIdentifier>{b0cb0e49-b853-4807-9db1-51864ee42553}</UniqueIdentifier>
    </Filter>
    <Filter Include="PCH">
      <UniqueIdentifier>{d12221ba-289a-4103-9e75-e56e66af2a76}</UniqueIdentifier>
    </Filter>
    <Filter Include="Wrappers">
      <UniqueIdentifier>{2a5f95aa-5a70-4b09-92f2-caa84a46f9d7}</UniqueIdentifier>
    </Filter>
    <Filter Include="Scenes">
      <UniqueIdentifier>{7f972ae0-814f-4502-96df-85c034c211de}</UniqueIdentifier>
    </Filter>
    <Filter Include="Misc">
      <UniqueIdentifier>{2c93c421-4ad8-4545-8c3f-4f9aa5fa4251}</UniqueIdentifier>
    </Filter>
    <Filter Include="Patterns\Commands">
      <UniqueIdentifier>{ea538f19-c91c-4486-b577-b14d7ff2124f}</UniqueIdentifier>
    </Filter>
    <Filter Include="Patterns\Observer">
      <UniqueIdentifier>{382dbbeb-ea11-4394-be0d-22f14e78c19b}</UniqueIdentifier>
    </Filter>
  </ItemGroup>
  <ItemGroup>
    <ClInclude Include="Singleton.h">
      <Filter>Patterns</Filter>
    </ClInclude>
    <ClInclude Include="SceneManager.h">
      <Filter>Managers</Filter>
    </ClInclude>
    <ClInclude Include="ResourceManager.h">
      <Filter>Managers</Filter>
    </ClInclude>
    <ClInclude Include="InputManager.h">
      <Filter>Managers</Filter>
    </ClInclude>
    <ClInclude Include="Anemoia.h">
      <Filter>Main</Filter>
    </ClInclude>
    <ClInclude Include="Font.h">
      <Filter>Wrappers</Filter>
    </ClInclude>
    <ClInclude Include="Texture2D.h">
      <Filter>Wrappers</Filter>
    </ClInclude>
    <ClInclude Include="AnemoiaPCH.h">
      <Filter>PCH</Filter>
    </ClInclude>
    <ClInclude Include="Renderer.h">
      <Filter>Managers</Filter>
    </ClInclude>
    <ClInclude Include="Resource.h">
      <Filter>Wrappers</Filter>
    </ClInclude>
    <ClInclude Include="TextComponent.h">
      <Filter>Components</Filter>
    </ClInclude>
    <ClInclude Include="BaseComponent.h">
      <Filter>Components</Filter>
    </ClInclude>
    <ClInclude Include="Scene.h">
      <Filter>Scenes</Filter>
    </ClInclude>
    <ClInclude Include="Locator.h">
      <Filter>Patterns</Filter>
    </ClInclude>
    <ClInclude Include="TextureComponent.h">
      <Filter>Components</Filter>
    </ClInclude>
    <ClInclude Include="FPSComponent.h">
      <Filter>Components</Filter>
    </ClInclude>
    <ClInclude Include="Transform.h">
      <Filter>Misc</Filter>
    </ClInclude>
    <ClInclude Include="GameObject.h">
      <Filter>Misc</Filter>
    </ClInclude>
    <ClInclude Include="Command.h">
      <Filter>Patterns\Commands</Filter>
    </ClInclude>
    <ClInclude Include="Sound.h">
      <Filter>Wrappers</Filter>
    </ClInclude>
    <ClInclude Include="Subject.h">
      <Filter>Patterns\Observer</Filter>
    </ClInclude>
    <ClInclude Include="Event.h">
      <Filter>Patterns\Observer</Filter>
    </ClInclude>
    <ClInclude Include="Observer.h">
      <Filter>Patterns\Observer</Filter>
    </ClInclude>
    <ClInclude Include="ColliderComponent.h">
      <Filter>Components</Filter>
    </ClInclude>
    <ClInclude Include="RigidBodyComponent.h">
      <Filter>Components</Filter>
    </ClInclude>
    <ClInclude Include="AIManager.h">
      <Filter>Managers</Filter>
    </ClInclude>
  </ItemGroup>
  <ItemGroup>
    <ClCompile Include="SceneManager.cpp">
      <Filter>Managers</Filter>
    </ClCompile>
    <ClCompile Include="ResourceManager.cpp">
      <Filter>Managers</Filter>
    </ClCompile>
    <ClCompile Include="InputManager.cpp">
      <Filter>Managers</Filter>
    </ClCompile>
    <ClCompile Include="Anemoia.cpp">
      <Filter>Main</Filter>
    </ClCompile>
    <ClCompile Include="Font.cpp">
      <Filter>Wrappers</Filter>
    </ClCompile>
    <ClCompile Include="Texture2D.cpp">
      <Filter>Wrappers</Filter>
    </ClCompile>
    <ClCompile Include="AnemoiaPCH.cpp">
      <Filter>PCH</Filter>
    </ClCompile>
    <ClCompile Include="Renderer.cpp">
      <Filter>Managers</Filter>
    </ClCompile>
    <ClCompile Include="Resource.cpp">
      <Filter>Wrappers</Filter>
    </ClCompile>
    <ClCompile Include="TextComponent.cpp">
      <Filter>Components</Filter>
    </ClCompile>
    <ClCompile Include="BaseComponent.cpp">
      <Filter>Components</Filter>
    </ClCompile>
    <ClCompile Include="Scene.cpp">
      <Filter>Scenes</Filter>
    </ClCompile>
    <ClCompile Include="Locator.cpp">
      <Filter>Patterns</Filter>
    </ClCompile>
    <ClCompile Include="TextureComponent.cpp">
      <Filter>Components</Filter>
    </ClCompile>
    <ClCompile Include="FPSComponent.cpp">
      <Filter>Components</Filter>
    </ClCompile>
    <ClCompile Include="Transform.cpp">
      <Filter>Misc</Filter>
    </ClCompile>
    <ClCompile Include="GameObject.cpp">
      <Filter>Misc</Filter>
    </ClCompile>
    <ClCompile Include="Command.cpp">
      <Filter>Patterns\Commands</Filter>
    </ClCompile>
    <ClCompile Include="Sound.cpp">
      <Filter>Wrappers</Filter>
    </ClCompile>
    <ClCompile Include="Subject.cpp">
      <Filter>Patterns\Observer</Filter>
    </ClCompile>
    <ClCompile Include="Observer.cpp">
      <Filter>Patterns\Observer</Filter>
    </ClCompile>
    <ClCompile Include="ColliderComponent.cpp">
      <Filter>Components</Filter>
    </ClCompile>
    <ClCompile Include="RigidBodyComponent.cpp">
      <Filter>Components</Filter>
    </ClCompile>
    <ClCompile Include="AIManager.cpp">
      <Filter>Managers</Filter>
    </ClCompile>
  </ItemGroup>
</Project>